
Microsoft Visual Studio Solution File, Format Version 12.00
# Visual Studio Version 16
VisualStudioVersion = 16.0.30523.141
MinimumVisualStudioVersion = 10.0.40219.1
Project("{FAE04EC0-301F-11D3-BF4B-00C04F79EFBC}") = "SuperhotMindControlDeleteTrainer", "SuperhotMindControlDeleteTrainer\SuperhotMindControlDeleteTrainer.csproj", "{23FF6D01-7F12-40B5-AD86-E280B44EF3F3}"
EndProject
Global
	GlobalSection(SolutionConfigurationPlatforms) = preSolution
		Debug|Any CPU = Debug|Any CPU
		Release|Any CPU = Release|Any CPU
	EndGlobalSection
	GlobalSection(ProjectConfigurationPlatforms) = postSolution
		{23FF6D01-7F12-40B5-AD86-E280B44EF3F3}.Debug|Any CPU.ActiveCfg = Debug|Any CPU
		{23FF6D01-7F12-40B5-AD86-E280B44EF3F3}.Debug|Any CPU.Build.0 = Debug|Any CPU
		{23FF6D01-7F12-40B5-AD86-E280B44EF3F3}.Release|Any CPU.ActiveCfg = Release|Any CPU
		{23FF6D01-7F12-40B5-AD86-E280B44EF3F3}.Release|Any CPU.Build.0 = Release|Any CPU
	EndGlobalSection
	GlobalSection(SolutionProperties) = preSolution
		HideSolutionNode = FALSE
	EndGlobalSection
	GlobalSection(ExtensibilityGlobals) = postSolution
		SolutionGuid = {2AD024E5-4FF0-495B-913B-00B2D7F7C279}
	EndGlobalSection
EndGlobal
