{
  "version": 1,
  "dependencies": {
    ".NETFramework,Version=v4.7.2": {
      "ILRepack.Lib.MSBuild.Task": {
        "type": "Direct",
        "requested": "[2.0.31, )",
        "resolved": "2.0.31",
        "contentHash": "qYkv/np3o/7lZZ+0mdC4yBDd3QqaP1lt9QCiAHGlBI1m6wrd9Ux7XS7iBQH9jLEi4esqYxBogX19iRblv1CfRA=="
      },
      "DarkNet": {
        "type": "Transitive",
        "resolved": "2.3.0",
        "contentHash": "yvITcWhHUAEoKet8mv7S442MbjtjhpXO/mMCXcwLAqEQrDZwSSOdWbTG2fqv7DvIEUOyZtzjmy5J4ZBiZN5gOA=="
      },
      "KoKo": {
        "type": "Transitive",
        "resolved": "2.2.0",
        "contentHash": "8sgJYZINKgsuRYlvuuiXw+3GmheMd7XZO11ve9czTrHwd0rVIRSY0kLPQOkT3kxwILhEkNFXEK44pJy9hDF9Ww=="
      },
      "McMaster.Extensions.CommandLineUtils": {
        "type": "Transitive",
        "resolved": "4.1.1",
        "contentHash": "zxgDY+G5yVq2q8sVB3Z275Qkxed1jC95nwAfnlSyoG4l5Nicvd4+ke1jXusEZEfyuErlAgXCKS937c13FmZWBg==",
        "dependencies": {
          "System.Runtime.InteropServices.RuntimeInformation": "4.3.0",
          "System.ValueTuple": "4.5.0"
        }
      },
      "MouseKeyHook": {
        "type": "Transitive",
        "resolved": "5.7.1",
        "contentHash": "c0VhB6cbcOpMOcoCQmvPMVqxaH76S4IPHwpbCIY7XKUNimdj9+81rX+Evnu5O53xYgUvdD7g0qmlVeZP2wGCnA=="
      },
      "System.Runtime.InteropServices.RuntimeInformation": {
        "type": "Transitive",
        "resolved": "4.3.0",
        "contentHash": "cbz4YJMqRDR7oLeMRbdYv7mYzc++17lNhScCX0goO2XpGWdvAt60CGN+FHdePUEHCe/Jy9jUlvNAiNdM+7jsOw=="
      },
      "System.ValueTuple": {
        "type": "Transitive",
        "resolved": "4.5.0",
        "contentHash": "okurQJO6NRE/apDIP23ajJ0hpiNmJ+f0BwOlB/cSqTLQlw5upkf+5+96+iG2Jw40G1fCVCyPz/FhIABUjMR+RQ=="
      },
      "trainercommon": {
        "type": "Project",
        "dependencies": {
          "DarkNet": "[2.3.0, )",
          "KoKo": "[2.2.0, )",
          "McMaster.Extensions.CommandLineUtils": "[4.1.1, )",
          "MouseKeyHook": "[5.7.1, )"
        }
      }
    },
    ".NETFramework,Version=v4.7.2/win": {
      "System.Runtime.InteropServices.RuntimeInformation": {
        "type": "Transitive",
        "resolved": "4.3.0",
        "contentHash": "cbz4YJMqRDR7oLeMRbdYv7mYzc++17lNhScCX0goO2XpGWdvAt60CGN+FHdePUEHCe/Jy9jUlvNAiNdM+7jsOw=="
      }
    },
    ".NETFramework,Version=v4.7.2/win-arm64": {
      "System.Runtime.InteropServices.RuntimeInformation": {
        "type": "Transitive",
        "resolved": "4.3.0",
        "contentHash": "cbz4YJMqRDR7oLeMRbdYv7mYzc++17lNhScCX0goO2XpGWdvAt60CGN+FHdePUEHCe/Jy9jUlvNAiNdM+7jsOw=="
      }
    },
    ".NETFramework,Version=v4.7.2/win-x64": {
      "System.Runtime.InteropServices.RuntimeInformation": {
        "type": "Transitive",
        "resolved": "4.3.0",
        "contentHash": "cbz4YJMqRDR7oLeMRbdYv7mYzc++17lNhScCX0goO2XpGWdvAt60CGN+FHdePUEHCe/Jy9jUlvNAiNdM+7jsOw=="
      }
    },
    ".NETFramework,Version=v4.7.2/win-x86": {
      "System.Runtime.InteropServices.RuntimeInformation": {
        "type": "Transitive",
        "resolved": "4.3.0",
        "contentHash": "cbz4YJMqRDR7oLeMRbdYv7mYzc++17lNhScCX0goO2XpGWdvAt60CGN+FHdePUEHCe/Jy9jUlvNAiNdM+7jsOw=="
      }
    }
  }
}